<Solution>
  <Folder Name="/Solution Items/">
    <File Path=".gitignore" />
    <File Path="CHANGELOG.md" />
    <File Path="CODE_OF_CONDUCT.md" />
    <File Path="CONTRIBUTING.md" />
    <File Path="Directory.Build.props" />
    <File Path="global.json" />
    <File Path="LICENSE" />
    <File Path="README.md" />
    <File Path="ROADMAP.md" />
    <File Path="SECURITY.md" />
    <File Path="SUPPORT.md" />
    <File Path="TESTS-Auditoria-Coverage.md" />
  </Folder>
  <Folder Name="/Solution Items/.github/" />
  <Folder Name="/Solution Items/.github/workflows/">
    <File Path=".github\workflows\ci.yml" />
    <File Path=".github\workflows\client.yml" />
    <File Path=".github\workflows\coverage.yml" />
    <File Path=".github\workflows\delete-merged-branches.yml" />
    <File Path=".github\workflows\integration-tests.yml" />
    <File Path=".github\workflows\unit-tests.yml" />
  </Folder>
  <Folder Name="/Source/">
    <Project Path="Source/KUKULCAN.SharedKernel.Auth/KUKULCAN.SharedKernel.Auth.csproj" />
  </Folder>
  <Folder Name="/Tests/">
    <Project Path="Tests/KUKULCAN.SharedKernel.Auth.UnitTests/KUKULCAN.SharedKernel.Auth.UnitTests.csproj" />
    <Project Path="Tests/KUKULCAN.SharedKernel.Auth.SQLServer.Integration/KUKULCAN.SharedKernel.Auth.SQLServer.Integration.csproj" />
    <Project Path="Tests/KUKULCAN.SharedKernel.Auth.PostgreSQL.Integration/KUKULCAN.SharedKernel.Auth.PostgreSQL.Integration.csproj" />
    <Project Path="Tests/KUKULCAN.SharedKernel.Auth.MySQL.Integration/KUKULCAN.SharedKernel.Auth.MySQL.Integration.csproj" />
  </Folder>
</Solution>
